
Microsoft Visual Studio Solution File, Format Version 12.00
Project("{FAE04EC0-301F-11D3-BF4B-00C04F79EFBC}") = "MVCGhibli", "MVCGhibli\MVCGhibli.csproj", "{A3A5796E-CF7E-4919-ADF9-63AB1E80EB0D}"
EndProject
Project("{FAE04EC0-301F-11D3-BF4B-00C04F79EFBC}") = "MVCGhibliTest", "MVCGhibliTest\MVCGhibliTest.csproj", "{925C04F7-059D-4A22-9E9D-0089E63B5368}"
EndProject
Global
	GlobalSection(SolutionConfigurationPlatforms) = preSolution
		Debug|Any CPU = Debug|Any CPU
		Release|Any CPU = Release|Any CPU
	EndGlobalSection
	GlobalSection(ProjectConfigurationPlatforms) = postSolution
		{A3A5796E-CF7E-4919-ADF9-63AB1E80EB0D}.Debug|Any CPU.ActiveCfg = Debug|Any CPU
		{A3A5796E-CF7E-4919-ADF9-63AB1E80EB0D}.Debug|Any CPU.Build.0 = Debug|Any CPU
		{A3A5796E-CF7E-4919-ADF9-63AB1E80EB0D}.Release|Any CPU.ActiveCfg = Release|Any CPU
		{A3A5796E-CF7E-4919-ADF9-63AB1E80EB0D}.Release|Any CPU.Build.0 = Release|Any CPU
		{925C04F7-059D-4A22-9E9D-0089E63B5368}.Debug|Any CPU.ActiveCfg = Debug|Any CPU
		{925C04F7-059D-4A22-9E9D-0089E63B5368}.Debug|Any CPU.Build.0 = Debug|Any CPU
		{925C04F7-059D-4A22-9E9D-0089E63B5368}.Release|Any CPU.ActiveCfg = Release|Any CPU
		{925C04F7-059D-4A22-9E9D-0089E63B5368}.Release|Any CPU.Build.0 = Release|Any CPU
	EndGlobalSection
EndGlobal
